
Microsoft Visual Studio Solution File, Format Version 12.00
# Visual Studio 15
VisualStudioVersion = 15.0.27004.2010
MinimumVisualStudioVersion = 10.0.40219.1
Project("{FAE04EC0-301F-11D3-BF4B-00C04F79EFBC}") = "CRUD.Web", "CRUD.Web\CRUD.Web.csproj", "{B06DD17B-E8CD-40A0-8A28-0FA07BA17CC2}"
EndProject
Project("{FAE04EC0-301F-11D3-BF4B-00C04F79EFBC}") = "CRUD.Services", "CRUD.Services\CRUD.Services.csproj", "{045F3B34-CBDF-45A4-BEC2-02D01A7B0712}"
EndProject
Project("{FAE04EC0-301F-11D3-BF4B-00C04F79EFBC}") = "CRUD.DataAccess", "CRUD.DataAccess\CRUD.DataAccess.csproj", "{961C702E-EA40-4C95-BDAA-6AA2EA019F75}"
EndProject
Project("{FAE04EC0-301F-11D3-BF4B-00C04F79EFBC}") = "CRUD.Domain", "CRUD.Domain\CRUD.Domain.csproj", "{43C91336-81CF-497A-B279-1B66AA1D00B2}"
EndProject
Project("{FAE04EC0-301F-11D3-BF4B-00C04F79EFBC}") = "CRUD.Views", "CRUD.Views\CRUD.Views.csproj", "{D89B0CB1-12E2-4EDE-B990-DE2C58EFA47A}"
EndProject
Project("{2150E333-8FDC-42A3-9474-1A3956D46DE8}") = "DAL", "DAL", "{CFF09E26-A021-457C-87F5-888E9A4778A9}"
EndProject
Project("{2150E333-8FDC-42A3-9474-1A3956D46DE8}") = "BLL", "BLL", "{C96D47E5-CFC5-4FB4-B231-693D67C5C343}"
EndProject
Project("{2150E333-8FDC-42A3-9474-1A3956D46DE8}") = "PL", "PL", "{F085D968-9D93-45F7-8A95-14662EFDC72A}"
EndProject
Global
	GlobalSection(SolutionConfigurationPlatforms) = preSolution
		Debug|Any CPU = Debug|Any CPU
		Release|Any CPU = Release|Any CPU
	EndGlobalSection
	GlobalSection(ProjectConfigurationPlatforms) = postSolution
		{B06DD17B-E8CD-40A0-8A28-0FA07BA17CC2}.Debug|Any CPU.ActiveCfg = Debug|Any CPU
		{B06DD17B-E8CD-40A0-8A28-0FA07BA17CC2}.Debug|Any CPU.Build.0 = Debug|Any CPU
		{B06DD17B-E8CD-40A0-8A28-0FA07BA17CC2}.Release|Any CPU.ActiveCfg = Release|Any CPU
		{B06DD17B-E8CD-40A0-8A28-0FA07BA17CC2}.Release|Any CPU.Build.0 = Release|Any CPU
		{045F3B34-CBDF-45A4-BEC2-02D01A7B0712}.Debug|Any CPU.ActiveCfg = Debug|Any CPU
		{045F3B34-CBDF-45A4-BEC2-02D01A7B0712}.Debug|Any CPU.Build.0 = Debug|Any CPU
		{045F3B34-CBDF-45A4-BEC2-02D01A7B0712}.Release|Any CPU.ActiveCfg = Release|Any CPU
		{045F3B34-CBDF-45A4-BEC2-02D01A7B0712}.Release|Any CPU.Build.0 = Release|Any CPU
		{961C702E-EA40-4C95-BDAA-6AA2EA019F75}.Debug|Any CPU.ActiveCfg = Debug|Any CPU
		{961C702E-EA40-4C95-BDAA-6AA2EA019F75}.Debug|Any CPU.Build.0 = Debug|Any CPU
		{961C702E-EA40-4C95-BDAA-6AA2EA019F75}.Release|Any CPU.ActiveCfg = Release|Any CPU
		{961C702E-EA40-4C95-BDAA-6AA2EA019F75}.Release|Any CPU.Build.0 = Release|Any CPU
		{43C91336-81CF-497A-B279-1B66AA1D00B2}.Debug|Any CPU.ActiveCfg = Debug|Any CPU
		{43C91336-81CF-497A-B279-1B66AA1D00B2}.Debug|Any CPU.Build.0 = Debug|Any CPU
		{43C91336-81CF-497A-B279-1B66AA1D00B2}.Release|Any CPU.ActiveCfg = Release|Any CPU
		{43C91336-81CF-497A-B279-1B66AA1D00B2}.Release|Any CPU.Build.0 = Release|Any CPU
		{D89B0CB1-12E2-4EDE-B990-DE2C58EFA47A}.Debug|Any CPU.ActiveCfg = Debug|Any CPU
		{D89B0CB1-12E2-4EDE-B990-DE2C58EFA47A}.Debug|Any CPU.Build.0 = Debug|Any CPU
		{D89B0CB1-12E2-4EDE-B990-DE2C58EFA47A}.Release|Any CPU.ActiveCfg = Release|Any CPU
		{D89B0CB1-12E2-4EDE-B990-DE2C58EFA47A}.Release|Any CPU.Build.0 = Release|Any CPU
	EndGlobalSection
	GlobalSection(SolutionProperties) = preSolution
		HideSolutionNode = FALSE
	EndGlobalSection
	GlobalSection(NestedProjects) = preSolution
		{B06DD17B-E8CD-40A0-8A28-0FA07BA17CC2} = {F085D968-9D93-45F7-8A95-14662EFDC72A}
		{045F3B34-CBDF-45A4-BEC2-02D01A7B0712} = {C96D47E5-CFC5-4FB4-B231-693D67C5C343}
		{961C702E-EA40-4C95-BDAA-6AA2EA019F75} = {CFF09E26-A021-457C-87F5-888E9A4778A9}
		{43C91336-81CF-497A-B279-1B66AA1D00B2} = {CFF09E26-A021-457C-87F5-888E9A4778A9}
		{D89B0CB1-12E2-4EDE-B990-DE2C58EFA47A} = {C96D47E5-CFC5-4FB4-B231-693D67C5C343}
	EndGlobalSection
	GlobalSection(ExtensibilityGlobals) = postSolution
		SolutionGuid = {B76AE5CC-27D9-4D9C-B464-4AA79CCDB2C3}
	EndGlobalSection
EndGlobal
